// !$*UTF8*$!
{
	archiveVersion = 1;
	classes = {
	};
	objectVersion = 50;
	objects = {

/* Begin PBXBuildFile section */
		AB8D32AC2439A1BD00A0A2DA /* AppDelegate.swift in Sources */ = {isa = PBXBuildFile; fileRef = AB8D32AB2439A1BD00A0A2DA /* AppDelegate.swift */; };
		AB8D32AE2439A1BD00A0A2DA /* SceneDelegate.swift in Sources */ = {isa = PBXBuildFile; fileRef = AB8D32AD2439A1BD00A0A2DA /* SceneDelegate.swift */; };
		AB8D32B02439A1BD00A0A2DA /* ViewController.swift in Sources */ = {isa = PBXBuildFile; fileRef = AB8D32AF2439A1BD00A0A2DA /* ViewController.swift */; };
		AB8D32B32439A1BD00A0A2DA /* Main.storyboard in Resources */ = {isa = PBXBuildFile; fileRef = AB8D32B12439A1BD00A0A2DA /* Main.storyboard */; };
		AB8D32B52439A1BE00A0A2DA /* Assets.xcassets in Resources */ = {isa = PBXBuildFile; fileRef = AB8D32B42439A1BE00A0A2DA /* Assets.xcassets */; };
		AB8D32B82439A1BE00A0A2DA /* LaunchScreen.storyboard in Resources */ = {isa = PBXBuildFile; fileRef = AB8D32B62439A1BE00A0A2DA /* LaunchScreen.storyboard */; };
		AB8D32C02439A35A00A0A2DA /* CollectionViewCell.swift in Sources */ = {isa = PBXBuildFile; fileRef = AB8D32BF2439A35A00A0A2DA /* CollectionViewCell.swift */; };
/* End PBXBuildFile section */

/* Begin PBXFileReference section */
		AB8D32A82439A1BD00A0A2DA /* FlipCollectionCells.app */ = {isa = PBXFileReference; explicitFileType = wrapper.application; includeInIndex = 0; path = FlipCollectionCells.app; sourceTree = BUILT_PRODUCTS_DIR; };
		AB8D32AB2439A1BD00A0A2DA /* AppDelegate.swift */ = {isa = PBXFileReference; lastKnownFileType = sourcecode.swift; path = AppDelegate.swift; sourceTree = "<group>"; };
		AB8D32AD2439A1BD00A0A2DA /* SceneDelegate.swift */ = {isa = PBXFileReference; lastKnownFileType = sourcecode.swift; path = SceneDelegate.swift; sourceTree = "<group>"; };
		AB8D32AF2439A1BD00A0A2DA /* ViewController.swift */ = {isa = PBXFileReference; lastKnownFileType = sourcecode.swift; path = ViewController.swift; sourceTree = "<group>"; };
		AB8D32B22439A1BD00A0A2DA /* Base */ = {isa = PBXFileReference; lastKnownFileType = file.storyboard; name = Base; path = Base.lproj/Main.storyboard; sourceTree = "<group>"; };
		AB8D32B42439A1BE00A0A2DA /* Assets.xcassets */ = {isa = PBXFileReference; lastKnownFileType = folder.assetcatalog; path = Assets.xcassets; sourceTree = "<group>"; };
		AB8D32B72439A1BE00A0A2DA /* Base */ = {isa = PBXFileReference; lastKnownFileType = file.storyboard; name = Base; path = Base.lproj/LaunchScreen.storyboard; sourceTree = "<group>"; };
		AB8D32B92439A1BE00A0A2DA /* Info.plist */ = {isa = PBXFileReference; lastKnownFileType = text.plist.xml; path = Info.plist; sourceTree = "<group>"; };
		AB8D32BF2439A35A00A0A2DA /* CollectionViewCell.swift */ = {isa = PBXFileReference; lastKnownFileType = sourcecode.swift; path = CollectionViewCell.swift; sourceTree = "<group>"; };
/* End PBXFileReference section */

/* Begin PBXFrameworksBuildPhase section */
		AB8D32A52439A1BD00A0A2DA /* Frameworks */ = {
			isa = PBXFrameworksBuildPhase;
			buildActionMask = 2147483647;
			files = (
			);
			runOnlyForDeploymentPostprocessing = 0;
		};
/* End PBXFrameworksBuildPhase section */

/* Begin PBXGroup section */
		AB8D329F2439A1BD00A0A2DA = {
			isa = PBXGroup;
			children = (
				AB8D32AA2439A1BD00A0A2DA /* FlipCollectionCells */,
				AB8D32A92439A1BD00A0A2DA /* Products */,
			);
			sourceTree = "<group>";
		};
		AB8D32A92439A1BD00A0A2DA /* Products */ = {
			isa = PBXGroup;
			children = (
				AB8D32A82439A1BD00A0A2DA /* FlipCollectionCells.app */,
			);
			name = Products;
			sourceTree = "<group>";
		};
		AB8D32AA2439A1BD00A0A2DA /* FlipCollectionCells */ = {
			isa = PBXGroup;
			children = (
				AB8D32AB2439A1BD00A0A2DA /* AppDelegate.swift */,
				AB8D32AD2439A1BD00A0A2DA /* SceneDelegate.swift */,
				AB8D32AF2439A1BD00A0A2DA /* ViewController.swift */,
				AB8D32BF2439A35A00A0A2DA /* CollectionViewCell.swift */,
				AB8D32B12439A1BD00A0A2DA /* Main.storyboard */,
				AB8D32B42439A1BE00A0A2DA /* Assets.xcassets */,
				AB8D32B62439A1BE00A0A2DA /* LaunchScreen.storyboard */,
				AB8D32B92439A1BE00A0A2DA /* Info.plist */,
			);
			path = FlipCollectionCells;
			sourceTree = "<group>";
		};
/* End PBXGroup section */

/* Begin PBXNativeTarget section */
		AB8D32A72439A1BD00A0A2DA /* FlipCollectionCells */ = {
			isa = PBXNativeTarget;
			buildConfigurationList = AB8D32BC2439A1BE00A0A2DA /* Build configuration list for PBXNativeTarget "FlipCollectionCells" */;
			buildPhases = (
				AB8D32A42439A1BD00A0A2DA /* Sources */,
				AB8D32A52439A1BD00A0A2DA /* Frameworks */,
				AB8D32A62439A1BD00A0A2DA /* Resources */,
			);
			buildRules = (
			);
			dependencies = (
			);
			name = FlipCollectionCells;
			productName = FlipCollectionCells;
			productReference = AB8D32A82439A1BD00A0A2DA /* FlipCollectionCells.app */;
			productType = "com.apple.product-type.application";
		};
/* End PBXNativeTarget section */

/* Begin PBXProject section */
		AB8D32A02439A1BD00A0A2DA /* Project object */ = {
			isa = PBXProject;
			attributes = {
				LastSwiftUpdateCheck = 1140;
				LastUpgradeCheck = 1140;
				ORGANIZATIONNAME = "Xcode Tips";
				TargetAttributes = {
					AB8D32A72439A1BD00A0A2DA = {
						CreatedOnToolsVersion = 11.4;
					};
				};
			};
			buildConfigurationList = AB8D32A32439A1BD00A0A2DA /* Build configuration list for PBXProject "FlipCollectionCells" */;
			compatibilityVersion = "Xcode 9.3";
			developmentRegion = en;
			hasScannedForEncodings = 0;
			knownRegions = (
				en,
				Base,
			);
			mainGroup = AB8D329F2439A1BD00A0A2DA;
			productRefGroup = AB8D32A92439A1BD00A0A2DA /* Products */;
			projectDirPath = "";
			projectRoot = "";
			targets = (
				AB8D32A72439A1BD00A0A2DA /* FlipCollectionCells */,
			);
		};
/* End PBXProject section */

/* Begin PBXResourcesBuildPhase section */
		AB8D32A62439A1BD00A0A2DA /* Resources */ = {
			isa = PBXResourcesBuildPhase;
			buildActionMask = 2147483647;
			files = (
				AB8D32B82439A1BE00A0A2DA /* LaunchScreen.storyboard in Resources */,
				AB8D32B52439A1BE00A0A2DA /* Assets.xcassets in Resources */,
				AB8D32B32439A1BD00A0A2DA /* Main.storyboard in Resources */,
			);
			runOnlyForDeploymentPostprocessing = 0;
		};
/* End PBXResourcesBuildPhase section */

/* Begin PBXSourcesBuildPhase section */
		AB8D32A42439A1BD00A0A2DA /* Sources */ = {
			isa = PBXSourcesBuildPhase;
			buildActionMask = 2147483647;
			files = (
				AB8D32B02439A1BD00A0A2DA /* ViewController.swift in Sources */,
				AB8D32AC2439A1BD00A0A2DA /* AppDelegate.swift in Sources */,
				AB8D32C02439A35A00A0A2DA /* CollectionViewCell.swift in Sources */,
				AB8D32AE2439A1BD00A0A2DA /* SceneDelegate.swift in Sources */,
			);
			runOnlyForDeploymentPostprocessing = 0;
		};
/* End PBXSourcesBuildPhase section */

/* Begin PBXVariantGroup section */
		AB8D32B12439A1BD00A0A2DA /* Main.storyboard */ = {
			isa = PBXVariantGroup;
			children = (
				AB8D32B22439A1BD00A0A2DA /* Base */,
			);
			name = Main.storyboard;
			sourceTree = "<group>";
		};
		AB8D32B62439A1BE00A0A2DA /* LaunchScreen.storyboard */ = {
			isa = PBXVariantGroup;
			children = (
				AB8D32B72439A1BE00A0A2DA /* Base */,
			);
			name = LaunchScreen.storyboard;
			sourceTree = "<group>";
		};
/* End PBXVariantGroup section */

/* Begin XCBuildConfiguration section */
		AB8D32BA2439A1BE00A0A2DA /* Debug */ = {
			isa = XCBuildConfiguration;
			buildSettings = {
				ALWAYS_SEARCH_USER_PATHS = NO;
				CLANG_ANALYZER_NONNULL = YES;
				CLANG_ANALYZER_NUMBER_OBJECT_CONVERSION = YES_AGGRESSIVE;
				CLANG_CXX_LANGUAGE_STANDARD = "gnu++14";
				CLANG_CXX_LIBRARY = "libc++";
				CLANG_ENABLE_MODULES = YES;
				CLANG_ENABLE_OBJC_ARC = YES;
				CLANG_ENABLE_OBJC_WEAK = YES;
				CLANG_WARN_BLOCK_CAPTURE_AUTORELEASING = YES;
				CLANG_WARN_BOOL_CONVERSION = YES;
				CLANG_WARN_COMMA = YES;
				CLANG_WARN_CONSTANT_CONVERSION = YES;
				CLANG_WARN_DEPRECATED_OBJC_IMPLEMENTATIONS = YES;
				CLANG_WARN_DIRECT_OBJC_ISA_USAGE = YES_ERROR;
				CLANG_WARN_DOCUMENTATION_COMMENTS = YES;
				CLANG_WARN_EMPTY_BODY = YES;
				CLANG_WARN_ENUM_CONVERSION = YES;
				CLANG_WARN_INFINITE_RECURSION = YES;
				CLANG_WARN_INT_CONVERSION = YES;
				CLANG_WARN_NON_LITERAL_NULL_CONVERSION = YES;
				CLANG_WARN_OBJC_IMPLICIT_RETAIN_SELF = YES;
				CLANG_WARN_OBJC_LITERAL_CONVERSION = YES;
				CLANG_WARN_OBJC_ROOT_CLASS = YES_ERROR;
				CLANG_WARN_RANGE_LOOP_ANALYSIS = YES;
				CLANG_WARN_STRICT_PROTOTYPES = YES;
				CLANG_WARN_SUSPICIOUS_MOVE = YES;
				CLANG_WARN_UNGUARDED_AVAILABILITY = YES_AGGRESSIVE;
				CLANG_WARN_UNREACHABLE_CODE = YES;
				CLANG_WARN__DUPLICATE_METHOD_MATCH = YES;
				COPY_PHASE_STRIP = NO;
				DEBUG_INFORMATION_FORMAT = dwarf;
				ENABLE_STRICT_OBJC_MSGSEND = YES;
				ENABLE_TESTABILITY = YES;
				GCC_C_LANGUAGE_STANDARD = gnu11;
				GCC_DYNAMIC_NO_PIC = NO;
				GCC_NO_COMMON_BLOCKS = YES;
				GCC_OPTIMIZATION_LEVEL = 0;
				GCC_PREPROCESSOR_DEFINITIONS = (
					"DEBUG=1",
					"$(inherited)",
				);
				GCC_WARN_64_TO_32_BIT_CONVERSION = YES;
				GCC_WARN_ABOUT_RETURN_TYPE = YES_ERROR;
				GCC_WARN_UNDECLARED_SELECTOR = YES;
				GCC_WARN_UNINITIALIZED_AUTOS = YES_AGGRESSIVE;
				GCC_WARN_UNUSED_FUNCTION = YES;
				GCC_WARN_UNUSED_VARIABLE = YES;
				IPHONEOS_DEPLOYMENT_TARGET = 13.4;
				MTL_ENABLE_DEBUG_INFO = INCLUDE_SOURCE;
				MTL_FAST_MATH = YES;
				ONLY_ACTIVE_ARCH = YES;
				SDKROOT = iphoneos;
				SWIFT_ACTIVE_COMPILATION_CONDITIONS = DEBUG;
				SWIFT_OPTIMIZATION_LEVEL = "-Onone";
			};
			name = Debug;
		};
		AB8D32BB2439A1BE00A0A2DA /* Release */ = {
			isa = XCBuildConfiguration;
			buildSettings = {
				ALWAYS_SEARCH_USER_PATHS = NO;
				CLANG_ANALYZER_NONNULL = YES;
				CLANG_ANALYZER_NUMBER_OBJECT_CONVERSION = YES_AGGRESSIVE;
				CLANG_CXX_LANGUAGE_STANDARD = "gnu++14";
				CLANG_CXX_LIBRARY = "libc++";
				CLANG_ENABLE_MODULES = YES;
				CLANG_ENABLE_OBJC_ARC = YES;
				CLANG_ENABLE_OBJC_WEAK = YES;
				CLANG_WARN_BLOCK_CAPTURE_AUTORELEASING = YES;
				CLANG_WARN_BOOL_CONVERSION = YES;
				CLANG_WARN_COMMA = YES;
				CLANG_WARN_CONSTANT_CONVERSION = YES;
				CLANG_WARN_DEPRECATED_OBJC_IMPLEMENTATIONS = YES;
				CLANG_WARN_DIRECT_OBJC_ISA_USAGE = YES_ERROR;
				CLANG_WARN_DOCUMENTATION_COMMENTS = YES;
				CLANG_WARN_EMPTY_BODY = YES;
				CLANG_WARN_ENUM_CONVERSION = YES;
				CLANG_WARN_INFINITE_RECURSION = YES;
				CLANG_WARN_INT_CONVERSION = YES;
				CLANG_WARN_NON_LITERAL_NULL_CONVERSION = YES;
				CLANG_WARN_OBJC_IMPLICIT_RETAIN_SELF = YES;
				CLANG_WARN_OBJC_LITERAL_CONVERSION = YES;
				CLANG_WARN_OBJC_ROOT_CLASS = YES_ERROR;
				CLANG_WARN_RANGE_LOOP_ANALYSIS = YES;
				CLANG_WARN_STRICT_PROTOTYPES = YES;
				CLANG_WARN_SUSPICIOUS_MOVE = YES;
				CLANG_WARN_UNGUARDED_AVAILABILITY = YES_AGGRESSIVE;
				CLANG_WARN_UNREACHABLE_CODE = YES;
				CLANG_WARN__DUPLICATE_METHOD_MATCH = YES;
				COPY_PHASE_STRIP = NO;
				DEBUG_INFORMATION_FORMAT = "dwarf-with-dsym";
				ENABLE_NS_ASSERTIONS = NO;
				ENABLE_STRICT_OBJC_MSGSEND = YES;
				GCC_C_LANGUAGE_STANDARD = gnu11;
				GCC_NO_COMMON_BLOCKS = YES;
				GCC_WARN_64_TO_32_BIT_CONVERSION = YES;
				GCC_WARN_ABOUT_RETURN_TYPE = YES_ERROR;
				GCC_WARN_UNDECLARED_SELECTOR = YES;
				GCC_WARN_UNINITIALIZED_AUTOS = YES_AGGRESSIVE;
				GCC_WARN_UNUSED_FUNCTION = YES;
				GCC_WARN_UNUSED_VARIABLE = YES;
				IPHONEOS_DEPLOYMENT_TARGET = 13.4;
				MTL_ENABLE_DEBUG_INFO = NO;
				MTL_FAST_MATH = YES;
				SDKROOT = iphoneos;
				SWIFT_COMPILATION_MODE = wholemodule;
				SWIFT_OPTIMIZATION_LEVEL = "-O";
				VALIDATE_PRODUCT = YES;
			};
			name = Release;
		};
		AB8D32BD2439A1BE00A0A2DA /* Debug */ = {
			isa = XCBuildConfiguration;
			buildSettings = {
				ASSETCATALOG_COMPILER_APPICON_NAME = AppIcon;
				CODE_SIGN_STYLE = Automatic;
				DEVELOPMENT_TEAM = J36XH69Z83;
				INFOPLIST_FILE = FlipCollectionCells/Info.plist;
				LD_RUNPATH_SEARCH_PATHS = (
					"$(inherited)",
					"@executable_path/Frameworks",
				);
				PRODUCT_BUNDLE_IDENTIFIER = com.xcodetips.FlipCollectionCells;
				PRODUCT_NAME = "$(TARGET_NAME)";
				SWIFT_VERSION = 5.0;
				TARGETED_DEVICE_FAMILY = "1,2";
			};
			name = Debug;
		};
		AB8D32BE2439A1BE00A0A2DA /* Release */ = {
			isa = XCBuildConfiguration;
			buildSettings = {
				ASSETCATALOG_COMPILER_APPICON_NAME = AppIcon;
				CODE_SIGN_STYLE = Automatic;
				DEVELOPMENT_TEAM = J36XH69Z83;
				INFOPLIST_FILE = FlipCollectionCells/Info.plist;
				LD_RUNPATH_SEARCH_PATHS = (
					"$(inherited)",
					"@executable_path/Frameworks",
				);
				PRODUCT_BUNDLE_IDENTIFIER = com.xcodetips.FlipCollectionCells;
				PRODUCT_NAME = "$(TARGET_NAME)";
				SWIFT_VERSION = 5.0;
				TARGETED_DEVICE_FAMILY = "1,2";
			};
			name = Release;
		};
/* End XCBuildConfiguration section */

/* Begin XCConfigurationList section */
		AB8D32A32439A1BD00A0A2DA /* Build configuration list for PBXProject "FlipCollectionCells" */ = {
			isa = XCConfigurationList;
			buildConfigurations = (
				AB8D32BA2439A1BE00A0A2DA /* Debug */,
				AB8D32BB2439A1BE00A0A2DA /* Release */,
			);
			defaultConfigurationIsVisible = 0;
			defaultConfigurationName = Release;
		};
		AB8D32BC2439A1BE00A0A2DA /* Build configuration list for PBXNativeTarget "FlipCollectionCells" */ = {
			isa = XCConfigurationList;
			buildConfigurations = (
				AB8D32BD2439A1BE00A0A2DA /* Debug */,
				AB8D32BE2439A1BE00A0A2DA /* Release */,
			);
			defaultConfigurationIsVisible = 0;
			defaultConfigurationName = Release;
		};
/* End XCConfigurationList section */
	};
	rootObject = AB8D32A02439A1BD00A0A2DA /* Project object */;
}
